dependencies:
  espressif/led_strip:
    component_hash: 223998f10cae6d81f2ad2dd3c1103c2221be298c708e37917482b0153f3ec64e
    dependencies:
    - name: idf
      require: private
      version: '>=5.0'
    source:
      registry_url: https://components.espressif.com/
      type: service
    version: 3.0.1~1
  idf:
    source:
      type: idf
    version: 5.5.0
  wifi_manager:
    dependencies: []
    source:
      path: /Users/adamrunner/Code/esp32-shared-components/wifi_manager
      type: local
    version: 0.1.0
direct_dependencies:
- espressif/led_strip
- wifi_manager
manifest_hash: 502d2b8e4ae3cc64afb7696b3a7c95b46e7052a27e9319a1491a468374ffb469
target: esp32c6
version: 2.0.0
